// !$*UTF8*$!
{
	archiveVersion = 1;
	classes = {
	};
	objectVersion = 50;
	objects = {

/* Begin PBXBuildFile section */
		BD2C796225684EAE00D4C578 /* FoodTrackerApp.swift in Sources */ = {isa = PBXBuildFile; fileRef = BD2C796125684EAE00D4C578 /* FoodTrackerApp.swift */; };
		BD2C796425684EAE00D4C578 /* ContentView.swift in Sources */ = {isa = PBXBuildFile; fileRef = BD2C796325684EAE00D4C578 /* ContentView.swift */; };
		BD2C796625684EB100D4C578 /* Assets.xcassets in Resources */ = {isa = PBXBuildFile; fileRef = BD2C796525684EB100D4C578 /* Assets.xcassets */; };
		BD2C796925684EB100D4C578 /* Preview Assets.xcassets in Resources */ = {isa = PBXBuildFile; fileRef = BD2C796825684EB100D4C578 /* Preview Assets.xcassets */; };
		BD2C796B25684EB100D4C578 /* Persistence.swift in Sources */ = {isa = PBXBuildFile; fileRef = BD2C796A25684EB100D4C578 /* Persistence.swift */; };
		BD2C796E25684EB100D4C578 /* FoodTracker.xcdatamodeld in Sources */ = {isa = PBXBuildFile; fileRef = BD2C796C25684EB100D4C578 /* FoodTracker.xcdatamodeld */; };
		BD2C797925684EB100D4C578 /* FoodTrackerTests.swift in Sources */ = {isa = PBXBuildFile; fileRef = BD2C797825684EB100D4C578 /* FoodTrackerTests.swift */; };
		BD2C798425684EB100D4C578 /* FoodTrackerUITests.swift in Sources */ = {isa = PBXBuildFile; fileRef = BD2C798325684EB100D4C578 /* FoodTrackerUITests.swift */; };
/* End PBXBuildFile section */

/* Begin PBXContainerItemProxy section */
		BD2C797525684EB100D4C578 /* PBXContainerItemProxy */ = {
			isa = PBXContainerItemProxy;
			containerPortal = BD2C795625684EAD00D4C578 /* Project object */;
			proxyType = 1;
			remoteGlobalIDString = BD2C795D25684EAD00D4C578;
			remoteInfo = FoodTracker;
		};
		BD2C798025684EB100D4C578 /* PBXContainerItemProxy */ = {
			isa = PBXContainerItemProxy;
			containerPortal = BD2C795625684EAD00D4C578 /* Project object */;
			proxyType = 1;
			remoteGlobalIDString = BD2C795D25684EAD00D4C578;
			remoteInfo = FoodTracker;
		};
/* End PBXContainerItemProxy section */

/* Begin PBXFileReference section */
		BD2C795E25684EAE00D4C578 /* FoodTracker.app */ = {isa = PBXFileReference; explicitFileType = wrapper.application; includeInIndex = 0; path = FoodTracker.app; sourceTree = BUILT_PRODUCTS_DIR; };
		BD2C796125684EAE00D4C578 /* FoodTrackerApp.swift */ = {isa = PBXFileReference; lastKnownFileType = sourcecode.swift; path = FoodTrackerApp.swift; sourceTree = "<group>"; };
		BD2C796325684EAE00D4C578 /* ContentView.swift */ = {isa = PBXFileReference; lastKnownFileType = sourcecode.swift; path = ContentView.swift; sourceTree = "<group>"; };
		BD2C796525684EB100D4C578 /* Assets.xcassets */ = {isa = PBXFileReference; lastKnownFileType = folder.assetcatalog; path = Assets.xcassets; sourceTree = "<group>"; };
		BD2C796825684EB100D4C578 /* Preview Assets.xcassets */ = {isa = PBXFileReference; lastKnownFileType = folder.assetcatalog; path = "Preview Assets.xcassets"; sourceTree = "<group>"; };
		BD2C796A25684EB100D4C578 /* Persistence.swift */ = {isa = PBXFileReference; lastKnownFileType = sourcecode.swift; path = Persistence.swift; sourceTree = "<group>"; };
		BD2C796D25684EB100D4C578 /* FoodTracker.xcdatamodel */ = {isa = PBXFileReference; lastKnownFileType = wrapper.xcdatamodel; path = FoodTracker.xcdatamodel; sourceTree = "<group>"; };
		BD2C796F25684EB100D4C578 /* Info.plist */ = {isa = PBXFileReference; lastKnownFileType = text.plist.xml; path = Info.plist; sourceTree = "<group>"; };
		BD2C797425684EB100D4C578 /* FoodTrackerTests.xctest */ = {isa = PBXFileReference; explicitFileType = wrapper.cfbundle; includeInIndex = 0; path = FoodTrackerTests.xctest; sourceTree = BUILT_PRODUCTS_DIR; };
		BD2C797825684EB100D4C578 /* FoodTrackerTests.swift */ = {isa = PBXFileReference; lastKnownFileType = sourcecode.swift; path = FoodTrackerTests.swift; sourceTree = "<group>"; };
		BD2C797A25684EB100D4C578 /* Info.plist */ = {isa = PBXFileReference; lastKnownFileType = text.plist.xml; path = Info.plist; sourceTree = "<group>"; };
		BD2C797F25684EB100D4C578 /* FoodTrackerUITests.xctest */ = {isa = PBXFileReference; explicitFileType = wrapper.cfbundle; includeInIndex = 0; path = FoodTrackerUITests.xctest; sourceTree = BUILT_PRODUCTS_DIR; };
		BD2C798325684EB100D4C578 /* FoodTrackerUITests.swift */ = {isa = PBXFileReference; lastKnownFileType = sourcecode.swift; path = FoodTrackerUITests.swift; sourceTree = "<group>"; };
		BD2C798525684EB100D4C578 /* Info.plist */ = {isa = PBXFileReference; lastKnownFileType = text.plist.xml; path = Info.plist; sourceTree = "<group>"; };
/* End PBXFileReference section */

/* Begin PBXFrameworksBuildPhase section */
		BD2C795B25684EAD00D4C578 /* Frameworks */ = {
			isa = PBXFrameworksBuildPhase;
			buildActionMask = 2147483647;
			files = (
			);
			runOnlyForDeploymentPostprocessing = 0;
		};
		BD2C797125684EB100D4C578 /* Frameworks */ = {
			isa = PBXFrameworksBuildPhase;
			buildActionMask = 2147483647;
			files = (
			);
			runOnlyForDeploymentPostprocessing = 0;
		};
		BD2C797C25684EB100D4C578 /* Frameworks */ = {
			isa = PBXFrameworksBuildPhase;
			buildActionMask = 2147483647;
			files = (
			);
			runOnlyForDeploymentPostprocessing = 0;
		};
/* End PBXFrameworksBuildPhase section */

/* Begin PBXGroup section */
		BD2C795525684EAD00D4C578 = {
			isa = PBXGroup;
			children = (
				BD2C796025684EAE00D4C578 /* FoodTracker */,
				BD2C797725684EB100D4C578 /* FoodTrackerTests */,
				BD2C798225684EB100D4C578 /* FoodTrackerUITests */,
				BD2C795F25684EAE00D4C578 /* Products */,
			);
			sourceTree = "<group>";
		};
		BD2C795F25684EAE00D4C578 /* Products */ = {
			isa = PBXGroup;
			children = (
				BD2C795E25684EAE00D4C578 /* FoodTracker.app */,
				BD2C797425684EB100D4C578 /* FoodTrackerTests.xctest */,
				BD2C797F25684EB100D4C578 /* FoodTrackerUITests.xctest */,
			);
			name = Products;
			sourceTree = "<group>";
		};
		BD2C796025684EAE00D4C578 /* FoodTracker */ = {
			isa = PBXGroup;
			children = (
				BD2C796125684EAE00D4C578 /* FoodTrackerApp.swift */,
				BD2C796325684EAE00D4C578 /* ContentView.swift */,
				BD2C796525684EB100D4C578 /* Assets.xcassets */,
				BD2C796A25684EB100D4C578 /* Persistence.swift */,
				BD2C796F25684EB100D4C578 /* Info.plist */,
				BD2C796C25684EB100D4C578 /* FoodTracker.xcdatamodeld */,
				BD2C796725684EB100D4C578 /* Preview Content */,
			);
			path = FoodTracker;
			sourceTree = "<group>";
		};
		BD2C796725684EB100D4C578 /* Preview Content */ = {
			isa = PBXGroup;
			children = (
				BD2C796825684EB100D4C578 /* Preview Assets.xcassets */,
			);
			path = "Preview Content";
			sourceTree = "<group>";
		};
		BD2C797725684EB100D4C578 /* FoodTrackerTests */ = {
			isa = PBXGroup;
			children = (
				BD2C797825684EB100D4C578 /* FoodTrackerTests.swift */,
				BD2C797A25684EB100D4C578 /* Info.plist */,
			);
			path = FoodTrackerTests;
			sourceTree = "<group>";
		};
		BD2C798225684EB100D4C578 /* FoodTrackerUITests */ = {
			isa = PBXGroup;
			children = (
				BD2C798325684EB100D4C578 /* FoodTrackerUITests.swift */,
				BD2C798525684EB100D4C578 /* Info.plist */,
			);
			path = FoodTrackerUITests;
			sourceTree = "<group>";
		};
/* End PBXGroup section */

/* Begin PBXNativeTarget section */
		BD2C795D25684EAD00D4C578 /* FoodTracker */ = {
			isa = PBXNativeTarget;
			buildConfigurationList = BD2C798825684EB100D4C578 /* Build configuration list for PBXNativeTarget "FoodTracker" */;
			buildPhases = (
				BD2C795A25684EAD00D4C578 /* Sources */,
				BD2C795B25684EAD00D4C578 /* Frameworks */,
				BD2C795C25684EAD00D4C578 /* Resources */,
			);
			buildRules = (
			);
			dependencies = (
			);
			name = FoodTracker;
			productName = FoodTracker;
			productReference = BD2C795E25684EAE00D4C578 /* FoodTracker.app */;
			productType = "com.apple.product-type.application";
		};
		BD2C797325684EB100D4C578 /* FoodTrackerTests */ = {
			isa = PBXNativeTarget;
			buildConfigurationList = BD2C798B25684EB100D4C578 /* Build configuration list for PBXNativeTarget "FoodTrackerTests" */;
			buildPhases = (
				BD2C797025684EB100D4C578 /* Sources */,
				BD2C797125684EB100D4C578 /* Frameworks */,
				BD2C797225684EB100D4C578 /* Resources */,
			);
			buildRules = (
			);
			dependencies = (
				BD2C797625684EB100D4C578 /* PBXTargetDependency */,
			);
			name = FoodTrackerTests;
			productName = FoodTrackerTests;
			productReference = BD2C797425684EB100D4C578 /* FoodTrackerTests.xctest */;
			productType = "com.apple.product-type.bundle.unit-test";
		};
		BD2C797E25684EB100D4C578 /* FoodTrackerUITests */ = {
			isa = PBXNativeTarget;
			buildConfigurationList = BD2C798E25684EB100D4C578 /* Build configuration list for PBXNativeTarget "FoodTrackerUITests" */;
			buildPhases = (
				BD2C797B25684EB100D4C578 /* Sources */,
				BD2C797C25684EB100D4C578 /* Frameworks */,
				BD2C797D25684EB100D4C578 /* Resources */,
			);
			buildRules = (
			);
			dependencies = (
				BD2C798125684EB100D4C578 /* PBXTargetDependency */,
			);
			name = FoodTrackerUITests;
			productName = FoodTrackerUITests;
			productReference = BD2C797F25684EB100D4C578 /* FoodTrackerUITests.xctest */;
			productType = "com.apple.product-type.bundle.ui-testing";
		};
/* End PBXNativeTarget section */

/* Begin PBXProject section */
		BD2C795625684EAD00D4C578 /* Project object */ = {
			isa = PBXProject;
			attributes = {
				LastSwiftUpdateCheck = 1220;
				LastUpgradeCheck = 1220;
				TargetAttributes = {
					BD2C795D25684EAD00D4C578 = {
						CreatedOnToolsVersion = 12.2;
					};
					BD2C797325684EB100D4C578 = {
						CreatedOnToolsVersion = 12.2;
						TestTargetID = BD2C795D25684EAD00D4C578;
					};
					BD2C797E25684EB100D4C578 = {
						CreatedOnToolsVersion = 12.2;
						TestTargetID = BD2C795D25684EAD00D4C578;
					};
				};
			};
			buildConfigurationList = BD2C795925684EAD00D4C578 /* Build configuration list for PBXProject "FoodTracker" */;
			compatibilityVersion = "Xcode 9.3";
			developmentRegion = en;
			hasScannedForEncodings = 0;
			knownRegions = (
				en,
				Base,
			);
			mainGroup = BD2C795525684EAD00D4C578;
			productRefGroup = BD2C795F25684EAE00D4C578 /* Products */;
			projectDirPath = "";
			projectRoot = "";
			targets = (
				BD2C795D25684EAD00D4C578 /* FoodTracker */,
				BD2C797325684EB100D4C578 /* FoodTrackerTests */,
				BD2C797E25684EB100D4C578 /* FoodTrackerUITests */,
			);
		};
/* End PBXProject section */

/* Begin PBXResourcesBuildPhase section */
		BD2C795C25684EAD00D4C578 /* Resources */ = {
			isa = PBXResourcesBuildPhase;
			buildActionMask = 2147483647;
			files = (
				BD2C796925684EB100D4C578 /* Preview Assets.xcassets in Resources */,
				BD2C796625684EB100D4C578 /* Assets.xcassets in Resources */,
			);
			runOnlyForDeploymentPostprocessing = 0;
		};
		BD2C797225684EB100D4C578 /* Resources */ = {
			isa = PBXResourcesBuildPhase;
			buildActionMask = 2147483647;
			files = (
			);
			runOnlyForDeploymentPostprocessing = 0;
		};
		BD2C797D25684EB100D4C578 /* Resources */ = {
			isa = PBXResourcesBuildPhase;
			buildActionMask = 2147483647;
			files = (
			);
			runOnlyForDeploymentPostprocessing = 0;
		};
/* End PBXResourcesBuildPhase section */

/* Begin PBXSourcesBuildPhase section */
		BD2C795A25684EAD00D4C578 /* Sources */ = {
			isa = PBXSourcesBuildPhase;
			buildActionMask = 2147483647;
			files = (
				BD2C796E25684EB100D4C578 /* FoodTracker.xcdatamodeld in Sources */,
				BD2C796B25684EB100D4C578 /* Persistence.swift in Sources */,
				BD2C796425684EAE00D4C578 /* ContentView.swift in Sources */,
				BD2C796225684EAE00D4C578 /* FoodTrackerApp.swift in Sources */,
			);
			runOnlyForDeploymentPostprocessing = 0;
		};
		BD2C797025684EB100D4C578 /* Sources */ = {
			isa = PBXSourcesBuildPhase;
			buildActionMask = 2147483647;
			files = (
				BD2C797925684EB100D4C578 /* FoodTrackerTests.swift in Sources */,
			);
			runOnlyForDeploymentPostprocessing = 0;
		};
		BD2C797B25684EB100D4C578 /* Sources */ = {
			isa = PBXSourcesBuildPhase;
			buildActionMask = 2147483647;
			files = (
				BD2C798425684EB100D4C578 /* FoodTrackerUITests.swift in Sources */,
			);
			runOnlyForDeploymentPostprocessing = 0;
		};
/* End PBXSourcesBuildPhase section */

/* Begin PBXTargetDependency section */
		BD2C797625684EB100D4C578 /* PBXTargetDependency */ = {
			isa = PBXTargetDependency;
			target = BD2C795D25684EAD00D4C578 /* FoodTracker */;
			targetProxy = BD2C797525684EB100D4C578 /* PBXContainerItemProxy */;
		};
		BD2C798125684EB100D4C578 /* PBXTargetDependency */ = {
			isa = PBXTargetDependency;
			target = BD2C795D25684EAD00D4C578 /* FoodTracker */;
			targetProxy = BD2C798025684EB100D4C578 /* PBXContainerItemProxy */;
		};
/* End PBXTargetDependency section */

/* Begin XCBuildConfiguration section */
		BD2C798625684EB100D4C578 /* Debug */ = {
			isa = XCBuildConfiguration;
			buildSettings = {
				ALWAYS_SEARCH_USER_PATHS = NO;
				CLANG_ANALYZER_NONNULL = YES;
				CLANG_ANALYZER_NUMBER_OBJECT_CONVERSION = YES_AGGRESSIVE;
				CLANG_CXX_LANGUAGE_STANDARD = "gnu++14";
				CLANG_CXX_LIBRARY = "libc++";
				CLANG_ENABLE_MODULES = YES;
				CLANG_ENABLE_OBJC_ARC = YES;
				CLANG_ENABLE_OBJC_WEAK = YES;
				CLANG_WARN_BLOCK_CAPTURE_AUTORELEASING = YES;
				CLANG_WARN_BOOL_CONVERSION = YES;
				CLANG_WARN_COMMA = YES;
				CLANG_WARN_CONSTANT_CONVERSION = YES;
				CLANG_WARN_DEPRECATED_OBJC_IMPLEMENTATIONS = YES;
				CLANG_WARN_DIRECT_OBJC_ISA_USAGE = YES_ERROR;
				CLANG_WARN_DOCUMENTATION_COMMENTS = YES;
				CLANG_WARN_EMPTY_BODY = YES;
				CLANG_WARN_ENUM_CONVERSION = YES;
				CLANG_WARN_INFINITE_RECURSION = YES;
				CLANG_WARN_INT_CONVERSION = YES;
				CLANG_WARN_NON_LITERAL_NULL_CONVERSION = YES;
				CLANG_WARN_OBJC_IMPLICIT_RETAIN_SELF = YES;
				CLANG_WARN_OBJC_LITERAL_CONVERSION = YES;
				CLANG_WARN_OBJC_ROOT_CLASS = YES_ERROR;
				CLANG_WARN_QUOTED_INCLUDE_IN_FRAMEWORK_HEADER = YES;
				CLANG_WARN_RANGE_LOOP_ANALYSIS = YES;
				CLANG_WARN_STRICT_PROTOTYPES = YES;
				CLANG_WARN_SUSPICIOUS_MOVE = YES;
				CLANG_WARN_UNGUARDED_AVAILABILITY = YES_AGGRESSIVE;
				CLANG_WARN_UNREACHABLE_CODE = YES;
				CLANG_WARN__DUPLICATE_METHOD_MATCH = YES;
				COPY_PHASE_STRIP = NO;
				DEBUG_INFORMATION_FORMAT = dwarf;
				ENABLE_STRICT_OBJC_MSGSEND = YES;
				ENABLE_TESTABILITY = YES;
				GCC_C_LANGUAGE_STANDARD = gnu11;
				GCC_DYNAMIC_NO_PIC = NO;
				GCC_NO_COMMON_BLOCKS = YES;
				GCC_OPTIMIZATION_LEVEL = 0;
				GCC_PREPROCESSOR_DEFINITIONS = (
					"DEBUG=1",
					"$(inherited)",
				);
				GCC_WARN_64_TO_32_BIT_CONVERSION = YES;
				GCC_WARN_ABOUT_RETURN_TYPE = YES_ERROR;
				GCC_WARN_UNDECLARED_SELECTOR = YES;
				GCC_WARN_UNINITIALIZED_AUTOS = YES_AGGRESSIVE;
				GCC_WARN_UNUSED_FUNCTION = YES;
				GCC_WARN_UNUSED_VARIABLE = YES;
				IPHONEOS_DEPLOYMENT_TARGET = 14.2;
				MTL_ENABLE_DEBUG_INFO = INCLUDE_SOURCE;
				MTL_FAST_MATH = YES;
				ONLY_ACTIVE_ARCH = YES;
				SDKROOT = iphoneos;
				SWIFT_ACTIVE_COMPILATION_CONDITIONS = DEBUG;
				SWIFT_OPTIMIZATION_LEVEL = "-Onone";
			};
			name = Debug;
		};
		BD2C798725684EB100D4C578 /* Release */ = {
			isa = XCBuildConfiguration;
			buildSettings = {
				ALWAYS_SEARCH_USER_PATHS = NO;
				CLANG_ANALYZER_NONNULL = YES;
				CLANG_ANALYZER_NUMBER_OBJECT_CONVERSION = YES_AGGRESSIVE;
				CLANG_CXX_LANGUAGE_STANDARD = "gnu++14";
				CLANG_CXX_LIBRARY = "libc++";
				CLANG_ENABLE_MODULES = YES;
				CLANG_ENABLE_OBJC_ARC = YES;
				CLANG_ENABLE_OBJC_WEAK = YES;
				CLANG_WARN_BLOCK_CAPTURE_AUTORELEASING = YES;
				CLANG_WARN_BOOL_CONVERSION = YES;
				CLANG_WARN_COMMA = YES;
				CLANG_WARN_CONSTANT_CONVERSION = YES;
				CLANG_WARN_DEPRECATED_OBJC_IMPLEMENTATIONS = YES;
				CLANG_WARN_DIRECT_OBJC_ISA_USAGE = YES_ERROR;
				CLANG_WARN_DOCUMENTATION_COMMENTS = YES;
				CLANG_WARN_EMPTY_BODY = YES;
				CLANG_WARN_ENUM_CONVERSION = YES;
				CLANG_WARN_INFINITE_RECURSION = YES;
				CLANG_WARN_INT_CONVERSION = YES;
				CLANG_WARN_NON_LITERAL_NULL_CONVERSION = YES;
				CLANG_WARN_OBJC_IMPLICIT_RETAIN_SELF = YES;
				CLANG_WARN_OBJC_LITERAL_CONVERSION = YES;
				CLANG_WARN_OBJC_ROOT_CLASS = YES_ERROR;
				CLANG_WARN_QUOTED_INCLUDE_IN_FRAMEWORK_HEADER = YES;
				CLANG_WARN_RANGE_LOOP_ANALYSIS = YES;
				CLANG_WARN_STRICT_PROTOTYPES = YES;
				CLANG_WARN_SUSPICIOUS_MOVE = YES;
				CLANG_WARN_UNGUARDED_AVAILABILITY = YES_AGGRESSIVE;
				CLANG_WARN_UNREACHABLE_CODE = YES;
				CLANG_WARN__DUPLICATE_METHOD_MATCH = YES;
				COPY_PHASE_STRIP = NO;
				DEBUG_INFORMATION_FORMAT = "dwarf-with-dsym";
				ENABLE_NS_ASSERTIONS = NO;
				ENABLE_STRICT_OBJC_MSGSEND = YES;
				GCC_C_LANGUAGE_STANDARD = gnu11;
				GCC_NO_COMMON_BLOCKS = YES;
				GCC_WARN_64_TO_32_BIT_CONVERSION = YES;
				GCC_WARN_ABOUT_RETURN_TYPE = YES_ERROR;
				GCC_WARN_UNDECLARED_SELECTOR = YES;
				GCC_WARN_UNINITIALIZED_AUTOS = YES_AGGRESSIVE;
				GCC_WARN_UNUSED_FUNCTION = YES;
				GCC_WARN_UNUSED_VARIABLE = YES;
				IPHONEOS_DEPLOYMENT_TARGET = 14.2;
				MTL_ENABLE_DEBUG_INFO = NO;
				MTL_FAST_MATH = YES;
				SDKROOT = iphoneos;
				SWIFT_COMPILATION_MODE = wholemodule;
				SWIFT_OPTIMIZATION_LEVEL = "-O";
				VALIDATE_PRODUCT = YES;
			};
			name = Release;
		};
		BD2C798925684EB100D4C578 /* Debug */ = {
			isa = XCBuildConfiguration;
			buildSettings = {
				ASSETCATALOG_COMPILER_APPICON_NAME = AppIcon;
				ASSETCATALOG_COMPILER_GLOBAL_ACCENT_COLOR_NAME = AccentColor;
				CODE_SIGN_STYLE = Automatic;
				DEVELOPMENT_ASSET_PATHS = "\"FoodTracker/Preview Content\"";
				DEVELOPMENT_TEAM = 55T4UN5QF4;
				ENABLE_PREVIEWS = YES;
				INFOPLIST_FILE = FoodTracker/Info.plist;
				IPHONEOS_DEPLOYMENT_TARGET = 14.0;
				LD_RUNPATH_SEARCH_PATHS = (
					"$(inherited)",
					"@executable_path/Frameworks",
				);
				PRODUCT_BUNDLE_IDENTIFIER = "com.Josiah-Agosto.FoodTracker";
				PRODUCT_NAME = "$(TARGET_NAME)";
				SWIFT_VERSION = 5.0;
				TARGETED_DEVICE_FAMILY = "1,2";
			};
			name = Debug;
		};
		BD2C798A25684EB100D4C578 /* Release */ = {
			isa = XCBuildConfiguration;
			buildSettings = {
				ASSETCATALOG_COMPILER_APPICON_NAME = AppIcon;
				ASSETCATALOG_COMPILER_GLOBAL_ACCENT_COLOR_NAME = AccentColor;
				CODE_SIGN_STYLE = Automatic;
				DEVELOPMENT_ASSET_PATHS = "\"FoodTracker/Preview Content\"";
				DEVELOPMENT_TEAM = 55T4UN5QF4;
				ENABLE_PREVIEWS = YES;
				INFOPLIST_FILE = FoodTracker/Info.plist;
				IPHONEOS_DEPLOYMENT_TARGET = 14.0;
				LD_RUNPATH_SEARCH_PATHS = (
					"$(inherited)",
					"@executable_path/Frameworks",
				);
				PRODUCT_BUNDLE_IDENTIFIER = "com.Josiah-Agosto.FoodTracker";
				PRODUCT_NAME = "$(TARGET_NAME)";
				SWIFT_VERSION = 5.0;
				TARGETED_DEVICE_FAMILY = "1,2";
			};
			name = Release;
		};
		BD2C798C25684EB100D4C578 /* Debug */ = {
			isa = XCBuildConfiguration;
			buildSettings = {
				ALWAYS_EMBED_SWIFT_STANDARD_LIBRARIES = YES;
				BUNDLE_LOADER = "$(TEST_HOST)";
				CODE_SIGN_STYLE = Automatic;
				DEVELOPMENT_TEAM = 55T4UN5QF4;
				INFOPLIST_FILE = FoodTrackerTests/Info.plist;
				IPHONEOS_DEPLOYMENT_TARGET = 14.0;
				LD_RUNPATH_SEARCH_PATHS = (
					"$(inherited)",
					"@executable_path/Frameworks",
					"@loader_path/Frameworks",
				);
				PRODUCT_BUNDLE_IDENTIFIER = "com.Josiah-Agosto.FoodTrackerTests";
				PRODUCT_NAME = "$(TARGET_NAME)";
				SWIFT_VERSION = 5.0;
				TARGETED_DEVICE_FAMILY = "1,2";
				TEST_HOST = "$(BUILT_PRODUCTS_DIR)/FoodTracker.app/FoodTracker";
			};
			name = Debug;
		};
		BD2C798D25684EB100D4C578 /* Release */ = {
			isa = XCBuildConfiguration;
			buildSettings = {
				ALWAYS_EMBED_SWIFT_STANDARD_LIBRARIES = YES;
				BUNDLE_LOADER = "$(TEST_HOST)";
				CODE_SIGN_STYLE = Automatic;
				DEVELOPMENT_TEAM = 55T4UN5QF4;
				INFOPLIST_FILE = FoodTrackerTests/Info.plist;
				IPHONEOS_DEPLOYMENT_TARGET = 14.0;
				LD_RUNPATH_SEARCH_PATHS = (
					"$(inherited)",
					"@executable_path/Frameworks",
					"@loader_path/Frameworks",
				);
				PRODUCT_BUNDLE_IDENTIFIER = "com.Josiah-Agosto.FoodTrackerTests";
				PRODUCT_NAME = "$(TARGET_NAME)";
				SWIFT_VERSION = 5.0;
				TARGETED_DEVICE_FAMILY = "1,2";
				TEST_HOST = "$(BUILT_PRODUCTS_DIR)/FoodTracker.app/FoodTracker";
			};
			name = Release;
		};
		BD2C798F25684EB100D4C578 /* Debug */ = {
			isa = XCBuildConfiguration;
			buildSettings = {
				ALWAYS_EMBED_SWIFT_STANDARD_LIBRARIES = YES;
				CODE_SIGN_STYLE = Automatic;
				DEVELOPMENT_TEAM = 55T4UN5QF4;
				INFOPLIST_FILE = FoodTrackerUITests/Info.plist;
				LD_RUNPATH_SEARCH_PATHS = (
					"$(inherited)",
					"@executable_path/Frameworks",
					"@loader_path/Frameworks",
				);
				PRODUCT_BUNDLE_IDENTIFIER = "com.Josiah-Agosto.FoodTrackerUITests";
				PRODUCT_NAME = "$(TARGET_NAME)";
				SWIFT_VERSION = 5.0;
				TARGETED_DEVICE_FAMILY = "1,2";
				TEST_TARGET_NAME = FoodTracker;
			};
			name = Debug;
		};
		BD2C799025684EB100D4C578 /* Release */ = {
			isa = XCBuildConfiguration;
			buildSettings = {
				ALWAYS_EMBED_SWIFT_STANDARD_LIBRARIES = YES;
				CODE_SIGN_STYLE = Automatic;
				DEVELOPMENT_TEAM = 55T4UN5QF4;
				INFOPLIST_FILE = FoodTrackerUITests/Info.plist;
				LD_RUNPATH_SEARCH_PATHS = (
					"$(inherited)",
					"@executable_path/Frameworks",
					"@loader_path/Frameworks",
				);
				PRODUCT_BUNDLE_IDENTIFIER = "com.Josiah-Agosto.FoodTrackerUITests";
				PRODUCT_NAME = "$(TARGET_NAME)";
				SWIFT_VERSION = 5.0;
				TARGETED_DEVICE_FAMILY = "1,2";
				TEST_TARGET_NAME = FoodTracker;
			};
			name = Release;
		};
/* End XCBuildConfiguration section */

/* Begin XCConfigurationList section */
		BD2C795925684EAD00D4C578 /* Build configuration list for PBXProject "FoodTracker" */ = {
			isa = XCConfigurationList;
			buildConfigurations = (
				BD2C798625684EB100D4C578 /* Debug */,
				BD2C798725684EB100D4C578 /* Release */,
			);
			defaultConfigurationIsVisible = 0;
			defaultConfigurationName = Release;
		};
		BD2C798825684EB100D4C578 /* Build configuration list for PBXNativeTarget "FoodTracker" */ = {
			isa = XCConfigurationList;
			buildConfigurations = (
				BD2C798925684EB100D4C578 /* Debug */,
				BD2C798A25684EB100D4C578 /* Release */,
			);
			defaultConfigurationIsVisible = 0;
			defaultConfigurationName = Release;
		};
		BD2C798B25684EB100D4C578 /* Build configuration list for PBXNativeTarget "FoodTrackerTests" */ = {
			isa = XCConfigurationList;
			buildConfigurations = (
				BD2C798C25684EB100D4C578 /* Debug */,
				BD2C798D25684EB100D4C578 /* Release */,
			);
			defaultConfigurationIsVisible = 0;
			defaultConfigurationName = Release;
		};
		BD2C798E25684EB100D4C578 /* Build configuration list for PBXNativeTarget "FoodTrackerUITests" */ = {
			isa = XCConfigurationList;
			buildConfigurations = (
				BD2C798F25684EB100D4C578 /* Debug */,
				BD2C799025684EB100D4C578 /* Release */,
			);
			defaultConfigurationIsVisible = 0;
			defaultConfigurationName = Release;
		};
/* End XCConfigurationList section */

/* Begin XCVersionGroup section */
		BD2C796C25684EB100D4C578 /* FoodTracker.xcdatamodeld */ = {
			isa = XCVersionGroup;
			children = (
				BD2C796D25684EB100D4C578 /* FoodTracker.xcdatamodel */,
			);
			currentVersion = BD2C796D25684EB100D4C578 /* FoodTracker.xcdatamodel */;
			path = FoodTracker.xcdatamodeld;
			sourceTree = "<group>";
			versionGroupType = wrapper.xcdatamodel;
		};
/* End XCVersionGroup section */
	};
	rootObject = BD2C795625684EAD00D4C578 /* Project object */;
}
