// !$*UTF8*$!
{
	archiveVersion = 1;
	classes = {
	};
	objectVersion = 50;
	objects = {

/* Begin PBXBuildFile section */
		BD1FE70B25748B8E00AA7206 /* HealthKitStore.swift in Sources */ = {isa = PBXBuildFile; fileRef = BD1FE70A25748B8E00AA7206 /* HealthKitStore.swift */; };
		BD1FE71725748DEF00AA7206 /* HealthKit.framework in Frameworks */ = {isa = PBXBuildFile; fileRef = BD1FE71625748DEF00AA7206 /* HealthKit.framework */; };
		BD2C796225684EAE00D4C578 /* FoodTrackerApp.swift in Sources */ = {isa = PBXBuildFile; fileRef = BD2C796125684EAE00D4C578 /* FoodTrackerApp.swift */; };
		BD2C796425684EAE00D4C578 /* MainView.swift in Sources */ = {isa = PBXBuildFile; fileRef = BD2C796325684EAE00D4C578 /* MainView.swift */; };
		BD2C796625684EB100D4C578 /* Assets.xcassets in Resources */ = {isa = PBXBuildFile; fileRef = BD2C796525684EB100D4C578 /* Assets.xcassets */; };
		BD2C796925684EB100D4C578 /* Preview Assets.xcassets in Resources */ = {isa = PBXBuildFile; fileRef = BD2C796825684EB100D4C578 /* Preview Assets.xcassets */; };
		BD2C796E25684EB100D4C578 /* FoodTracker.xcdatamodeld in Sources */ = {isa = PBXBuildFile; fileRef = BD2C796C25684EB100D4C578 /* FoodTracker.xcdatamodeld */; };
		BD2C797925684EB100D4C578 /* FoodTrackerTests.swift in Sources */ = {isa = PBXBuildFile; fileRef = BD2C797825684EB100D4C578 /* FoodTrackerTests.swift */; };
		BD2C798425684EB100D4C578 /* FoodTrackerUITests.swift in Sources */ = {isa = PBXBuildFile; fileRef = BD2C798325684EB100D4C578 /* FoodTrackerUITests.swift */; };
		BD2C79982568958B00D4C578 /* PersistentCloudKitContainer.swift in Sources */ = {isa = PBXBuildFile; fileRef = BD2C79972568958B00D4C578 /* PersistentCloudKitContainer.swift */; };
		BD3B7E872581C14700582D03 /* TableViewSeparatorStyleModifier.swift in Sources */ = {isa = PBXBuildFile; fileRef = BD3B7E862581C14700582D03 /* TableViewSeparatorStyleModifier.swift */; };
		BD3B7E8F2582BB9500582D03 /* ActiveMainSheet.swift in Sources */ = {isa = PBXBuildFile; fileRef = BD3B7E8E2582BB9500582D03 /* ActiveMainSheet.swift */; };
		BD3B7E982582E5C300582D03 /* SelectedDateView.swift in Sources */ = {isa = PBXBuildFile; fileRef = BD3B7E972582E5C300582D03 /* SelectedDateView.swift */; };
		BD47114A2579F573005C1BBA /* CameraController.swift in Sources */ = {isa = PBXBuildFile; fileRef = BD4711492579F573005C1BBA /* CameraController.swift */; };
		BD5A44E12575B618005BCA75 /* FoodTrackerExtensions.swift in Sources */ = {isa = PBXBuildFile; fileRef = BD5A44E02575B618005BCA75 /* FoodTrackerExtensions.swift */; };
		BD6C3018256C69A200AE72E7 /* NavigationBarModifier.swift in Sources */ = {isa = PBXBuildFile; fileRef = BD6C3017256C69A200AE72E7 /* NavigationBarModifier.swift */; };
		BD6C3021256CAC0F00AE72E7 /* FoodCellView.swift in Sources */ = {isa = PBXBuildFile; fileRef = BD6C3020256CAC0F00AE72E7 /* FoodCellView.swift */; };
		BD73AC3325775E7B00D376B6 /* PersistenceController.swift in Sources */ = {isa = PBXBuildFile; fileRef = BD73AC3225775E7B00D376B6 /* PersistenceController.swift */; };
		BD7738D52578A24C00C69755 /* Day+CoreDataClass.swift in Sources */ = {isa = PBXBuildFile; fileRef = BD7738CF2578A24C00C69755 /* Day+CoreDataClass.swift */; };
		BD7738D62578A24C00C69755 /* Day+CoreDataProperties.swift in Sources */ = {isa = PBXBuildFile; fileRef = BD7738D02578A24C00C69755 /* Day+CoreDataProperties.swift */; };
		BD7738D72578A24C00C69755 /* Meal+CoreDataClass.swift in Sources */ = {isa = PBXBuildFile; fileRef = BD7738D12578A24C00C69755 /* Meal+CoreDataClass.swift */; };
		BD7738D82578A24C00C69755 /* Meal+CoreDataProperties.swift in Sources */ = {isa = PBXBuildFile; fileRef = BD7738D22578A24C00C69755 /* Meal+CoreDataProperties.swift */; };
		BD7738D92578A24C00C69755 /* MealCell+CoreDataClass.swift in Sources */ = {isa = PBXBuildFile; fileRef = BD7738D32578A24C00C69755 /* MealCell+CoreDataClass.swift */; };
		BD7738DA2578A24C00C69755 /* MealCell+CoreDataProperties.swift in Sources */ = {isa = PBXBuildFile; fileRef = BD7738D42578A24C00C69755 /* MealCell+CoreDataProperties.swift */; };
		BD8EDC94256DBDDB000A4E3D /* SelectedMealView.swift in Sources */ = {isa = PBXBuildFile; fileRef = BD8EDC93256DBDDB000A4E3D /* SelectedMealView.swift */; };
		BD8EDCC8256E19DD000A4E3D /* AddMealView.swift in Sources */ = {isa = PBXBuildFile; fileRef = BD8EDCC7256E19DD000A4E3D /* AddMealView.swift */; };
		BD8EDCD1256E1D19000A4E3D /* AddNutritionTextField.swift in Sources */ = {isa = PBXBuildFile; fileRef = BD8EDCD0256E1D19000A4E3D /* AddNutritionTextField.swift */; };
		BD92155D257A03BD0079672F /* CalendarView.swift in Sources */ = {isa = PBXBuildFile; fileRef = BD92155C257A03BD0079672F /* CalendarView.swift */; };
		BD921569257A059D0079672F /* CalendarViewModel.swift in Sources */ = {isa = PBXBuildFile; fileRef = BD921568257A059D0079672F /* CalendarViewModel.swift */; };
		BD921571257A17210079672F /* CalendarViewHolder.swift in Sources */ = {isa = PBXBuildFile; fileRef = BD921570257A17210079672F /* CalendarViewHolder.swift */; };
		BDB257702570357800C9097D /* MainViewViewModel.swift in Sources */ = {isa = PBXBuildFile; fileRef = BDB2576F2570357800C9097D /* MainViewViewModel.swift */; };
		BDB25779257035AA00C9097D /* SelectedFoodViewModel.swift in Sources */ = {isa = PBXBuildFile; fileRef = BDB25778257035AA00C9097D /* SelectedFoodViewModel.swift */; };
		BDB25782257035CE00C9097D /* AddMealViewModel.swift in Sources */ = {isa = PBXBuildFile; fileRef = BDB25781257035CE00C9097D /* AddMealViewModel.swift */; };
		BDB257B725720C0800C9097D /* NutrientsModel.swift in Sources */ = {isa = PBXBuildFile; fileRef = BDB257B625720C0800C9097D /* NutrientsModel.swift */; };
		BDC6BDED257AE30E002A5626 /* SelectedNutrientView.swift in Sources */ = {isa = PBXBuildFile; fileRef = BDC6BDEC257AE30D002A5626 /* SelectedNutrientView.swift */; };
		BDCBC7F72569E40E00206122 /* MealModel.swift in Sources */ = {isa = PBXBuildFile; fileRef = BDCBC7F62569E40E00206122 /* MealModel.swift */; };
		BDE007D92583260700D94E90 /* CoreDataHelper.swift in Sources */ = {isa = PBXBuildFile; fileRef = BDE007D82583260700D94E90 /* CoreDataHelper.swift */; };
		BDE007DF25833BC800D94E90 /* DataManager.swift in Sources */ = {isa = PBXBuildFile; fileRef = BDE007DE25833BC800D94E90 /* DataManager.swift */; };
		BDE007F325841F1500D94E90 /* DayModel.swift in Sources */ = {isa = PBXBuildFile; fileRef = BDE007F225841F1500D94E90 /* DayModel.swift */; };
/* End PBXBuildFile section */

/* Begin PBXContainerItemProxy section */
		BD2C797525684EB100D4C578 /* PBXContainerItemProxy */ = {
			isa = PBXContainerItemProxy;
			containerPortal = BD2C795625684EAD00D4C578 /* Project object */;
			proxyType = 1;
			remoteGlobalIDString = BD2C795D25684EAD00D4C578;
			remoteInfo = FoodTracker;
		};
		BD2C798025684EB100D4C578 /* PBXContainerItemProxy */ = {
			isa = PBXContainerItemProxy;
			containerPortal = BD2C795625684EAD00D4C578 /* Project object */;
			proxyType = 1;
			remoteGlobalIDString = BD2C795D25684EAD00D4C578;
			remoteInfo = FoodTracker;
		};
/* End PBXContainerItemProxy section */

/* Begin PBXFileReference section */
		BD1FE70A25748B8E00AA7206 /* HealthKitStore.swift */ = {isa = PBXFileReference; lastKnownFileType = sourcecode.swift; path = HealthKitStore.swift; sourceTree = "<group>"; };
		BD1FE71225748DCD00AA7206 /* FoodTracker.entitlements */ = {isa = PBXFileReference; lastKnownFileType = text.plist.entitlements; path = FoodTracker.entitlements; sourceTree = "<group>"; };
		BD1FE71625748DEF00AA7206 /* HealthKit.framework */ = {isa = PBXFileReference; lastKnownFileType = wrapper.framework; name = HealthKit.framework; path = System/Library/Frameworks/HealthKit.framework; sourceTree = SDKROOT; };
		BD2C795E25684EAE00D4C578 /* FoodTracker.app */ = {isa = PBXFileReference; explicitFileType = wrapper.application; includeInIndex = 0; path = FoodTracker.app; sourceTree = BUILT_PRODUCTS_DIR; };
		BD2C796125684EAE00D4C578 /* FoodTrackerApp.swift */ = {isa = PBXFileReference; lastKnownFileType = sourcecode.swift; path = FoodTrackerApp.swift; sourceTree = "<group>"; };
		BD2C796325684EAE00D4C578 /* MainView.swift */ = {isa = PBXFileReference; lastKnownFileType = sourcecode.swift; path = MainView.swift; sourceTree = "<group>"; };
		BD2C796525684EB100D4C578 /* Assets.xcassets */ = {isa = PBXFileReference; lastKnownFileType = folder.assetcatalog; path = Assets.xcassets; sourceTree = "<group>"; };
		BD2C796825684EB100D4C578 /* Preview Assets.xcassets */ = {isa = PBXFileReference; lastKnownFileType = folder.assetcatalog; path = "Preview Assets.xcassets"; sourceTree = "<group>"; };
		BD2C796D25684EB100D4C578 /* FoodTracker.xcdatamodel */ = {isa = PBXFileReference; lastKnownFileType = wrapper.xcdatamodel; path = FoodTracker.xcdatamodel; sourceTree = "<group>"; };
		BD2C796F25684EB100D4C578 /* Info.plist */ = {isa = PBXFileReference; lastKnownFileType = text.plist.xml; path = Info.plist; sourceTree = "<group>"; };
		BD2C797425684EB100D4C578 /* FoodTrackerTests.xctest */ = {isa = PBXFileReference; explicitFileType = wrapper.cfbundle; includeInIndex = 0; path = FoodTrackerTests.xctest; sourceTree = BUILT_PRODUCTS_DIR; };
		BD2C797825684EB100D4C578 /* FoodTrackerTests.swift */ = {isa = PBXFileReference; lastKnownFileType = sourcecode.swift; path = FoodTrackerTests.swift; sourceTree = "<group>"; };
		BD2C797A25684EB100D4C578 /* Info.plist */ = {isa = PBXFileReference; lastKnownFileType = text.plist.xml; path = Info.plist; sourceTree = "<group>"; };
		BD2C797F25684EB100D4C578 /* FoodTrackerUITests.xctest */ = {isa = PBXFileReference; explicitFileType = wrapper.cfbundle; includeInIndex = 0; path = FoodTrackerUITests.xctest; sourceTree = BUILT_PRODUCTS_DIR; };
		BD2C798325684EB100D4C578 /* FoodTrackerUITests.swift */ = {isa = PBXFileReference; lastKnownFileType = sourcecode.swift; path = FoodTrackerUITests.swift; sourceTree = "<group>"; };
		BD2C798525684EB100D4C578 /* Info.plist */ = {isa = PBXFileReference; lastKnownFileType = text.plist.xml; path = Info.plist; sourceTree = "<group>"; };
		BD2C79972568958B00D4C578 /* PersistentCloudKitContainer.swift */ = {isa = PBXFileReference; lastKnownFileType = sourcecode.swift; path = PersistentCloudKitContainer.swift; sourceTree = "<group>"; };
		BD3B7E862581C14700582D03 /* TableViewSeparatorStyleModifier.swift */ = {isa = PBXFileReference; lastKnownFileType = sourcecode.swift; path = TableViewSeparatorStyleModifier.swift; sourceTree = "<group>"; };
		BD3B7E8E2582BB9500582D03 /* ActiveMainSheet.swift */ = {isa = PBXFileReference; lastKnownFileType = sourcecode.swift; path = ActiveMainSheet.swift; sourceTree = "<group>"; };
		BD3B7E972582E5C300582D03 /* SelectedDateView.swift */ = {isa = PBXFileReference; lastKnownFileType = sourcecode.swift; path = SelectedDateView.swift; sourceTree = "<group>"; };
		BD4711492579F573005C1BBA /* CameraController.swift */ = {isa = PBXFileReference; lastKnownFileType = sourcecode.swift; path = CameraController.swift; sourceTree = "<group>"; };
		BD5A44E02575B618005BCA75 /* FoodTrackerExtensions.swift */ = {isa = PBXFileReference; lastKnownFileType = sourcecode.swift; path = FoodTrackerExtensions.swift; sourceTree = "<group>"; };
		BD6C3017256C69A200AE72E7 /* NavigationBarModifier.swift */ = {isa = PBXFileReference; lastKnownFileType = sourcecode.swift; path = NavigationBarModifier.swift; sourceTree = "<group>"; };
		BD6C3020256CAC0F00AE72E7 /* FoodCellView.swift */ = {isa = PBXFileReference; lastKnownFileType = sourcecode.swift; path = FoodCellView.swift; sourceTree = "<group>"; };
		BD73AC3225775E7B00D376B6 /* PersistenceController.swift */ = {isa = PBXFileReference; lastKnownFileType = sourcecode.swift; path = PersistenceController.swift; sourceTree = "<group>"; };
		BD7738CF2578A24C00C69755 /* Day+CoreDataClass.swift */ = {isa = PBXFileReference; lastKnownFileType = sourcecode.swift; path = "Day+CoreDataClass.swift"; sourceTree = "<group>"; };
		BD7738D02578A24C00C69755 /* Day+CoreDataProperties.swift */ = {isa = PBXFileReference; lastKnownFileType = sourcecode.swift; path = "Day+CoreDataProperties.swift"; sourceTree = "<group>"; };
		BD7738D12578A24C00C69755 /* Meal+CoreDataClass.swift */ = {isa = PBXFileReference; lastKnownFileType = sourcecode.swift; path = "Meal+CoreDataClass.swift"; sourceTree = "<group>"; };
		BD7738D22578A24C00C69755 /* Meal+CoreDataProperties.swift */ = {isa = PBXFileReference; lastKnownFileType = sourcecode.swift; path = "Meal+CoreDataProperties.swift"; sourceTree = "<group>"; };
		BD7738D32578A24C00C69755 /* MealCell+CoreDataClass.swift */ = {isa = PBXFileReference; lastKnownFileType = sourcecode.swift; path = "MealCell+CoreDataClass.swift"; sourceTree = "<group>"; };
		BD7738D42578A24C00C69755 /* MealCell+CoreDataProperties.swift */ = {isa = PBXFileReference; lastKnownFileType = sourcecode.swift; path = "MealCell+CoreDataProperties.swift"; sourceTree = "<group>"; };
		BD8EDC93256DBDDB000A4E3D /* SelectedMealView.swift */ = {isa = PBXFileReference; lastKnownFileType = sourcecode.swift; path = SelectedMealView.swift; sourceTree = "<group>"; };
		BD8EDCC7256E19DD000A4E3D /* AddMealView.swift */ = {isa = PBXFileReference; lastKnownFileType = sourcecode.swift; path = AddMealView.swift; sourceTree = "<group>"; };
		BD8EDCD0256E1D19000A4E3D /* AddNutritionTextField.swift */ = {isa = PBXFileReference; lastKnownFileType = sourcecode.swift; path = AddNutritionTextField.swift; sourceTree = "<group>"; };
		BD92155C257A03BD0079672F /* CalendarView.swift */ = {isa = PBXFileReference; lastKnownFileType = sourcecode.swift; path = CalendarView.swift; sourceTree = "<group>"; };
		BD921568257A059D0079672F /* CalendarViewModel.swift */ = {isa = PBXFileReference; lastKnownFileType = sourcecode.swift; path = CalendarViewModel.swift; sourceTree = "<group>"; };
		BD921570257A17210079672F /* CalendarViewHolder.swift */ = {isa = PBXFileReference; lastKnownFileType = sourcecode.swift; path = CalendarViewHolder.swift; sourceTree = "<group>"; };
		BDB2576F2570357800C9097D /* MainViewViewModel.swift */ = {isa = PBXFileReference; lastKnownFileType = sourcecode.swift; path = MainViewViewModel.swift; sourceTree = "<group>"; };
		BDB25778257035AA00C9097D /* SelectedFoodViewModel.swift */ = {isa = PBXFileReference; lastKnownFileType = sourcecode.swift; path = SelectedFoodViewModel.swift; sourceTree = "<group>"; };
		BDB25781257035CE00C9097D /* AddMealViewModel.swift */ = {isa = PBXFileReference; lastKnownFileType = sourcecode.swift; path = AddMealViewModel.swift; sourceTree = "<group>"; };
		BDB257B625720C0800C9097D /* NutrientsModel.swift */ = {isa = PBXFileReference; lastKnownFileType = sourcecode.swift; path = NutrientsModel.swift; sourceTree = "<group>"; };
		BDC6BDEC257AE30D002A5626 /* SelectedNutrientView.swift */ = {isa = PBXFileReference; lastKnownFileType = sourcecode.swift; path = SelectedNutrientView.swift; sourceTree = "<group>"; };
		BDCBC7F62569E40E00206122 /* MealModel.swift */ = {isa = PBXFileReference; lastKnownFileType = sourcecode.swift; path = MealModel.swift; sourceTree = "<group>"; };
		BDE007D82583260700D94E90 /* CoreDataHelper.swift */ = {isa = PBXFileReference; lastKnownFileType = sourcecode.swift; path = CoreDataHelper.swift; sourceTree = "<group>"; };
		BDE007DE25833BC800D94E90 /* DataManager.swift */ = {isa = PBXFileReference; lastKnownFileType = sourcecode.swift; path = DataManager.swift; sourceTree = "<group>"; };
		BDE007F225841F1500D94E90 /* DayModel.swift */ = {isa = PBXFileReference; lastKnownFileType = sourcecode.swift; path = DayModel.swift; sourceTree = "<group>"; };
/* End PBXFileReference section */

/* Begin PBXFrameworksBuildPhase section */
		BD2C795B25684EAD00D4C578 /* Frameworks */ = {
			isa = PBXFrameworksBuildPhase;
			buildActionMask = 2147483647;
			files = (
				BD1FE71725748DEF00AA7206 /* HealthKit.framework in Frameworks */,
			);
			runOnlyForDeploymentPostprocessing = 0;
		};
		BD2C797125684EB100D4C578 /* Frameworks */ = {
			isa = PBXFrameworksBuildPhase;
			buildActionMask = 2147483647;
			files = (
			);
			runOnlyForDeploymentPostprocessing = 0;
		};
		BD2C797C25684EB100D4C578 /* Frameworks */ = {
			isa = PBXFrameworksBuildPhase;
			buildActionMask = 2147483647;
			files = (
			);
			runOnlyForDeploymentPostprocessing = 0;
		};
/* End PBXFrameworksBuildPhase section */

/* Begin PBXGroup section */
		BD1FE70925748B7C00AA7206 /* HealthKit Store */ = {
			isa = PBXGroup;
			children = (
				BD1FE70A25748B8E00AA7206 /* HealthKitStore.swift */,
			);
			path = "HealthKit Store";
			sourceTree = "<group>";
		};
		BD2C795525684EAD00D4C578 = {
			isa = PBXGroup;
			children = (
				BD2C796025684EAE00D4C578 /* FoodTracker */,
				BD2C797725684EB100D4C578 /* FoodTrackerTests */,
				BD2C798225684EB100D4C578 /* FoodTrackerUITests */,
				BD2C795F25684EAE00D4C578 /* Products */,
				BDB257AD2572038A00C9097D /* Frameworks */,
			);
			sourceTree = "<group>";
		};
		BD2C795F25684EAE00D4C578 /* Products */ = {
			isa = PBXGroup;
			children = (
				BD2C795E25684EAE00D4C578 /* FoodTracker.app */,
				BD2C797425684EB100D4C578 /* FoodTrackerTests.xctest */,
				BD2C797F25684EB100D4C578 /* FoodTrackerUITests.xctest */,
			);
			name = Products;
			sourceTree = "<group>";
		};
		BD2C796025684EAE00D4C578 /* FoodTracker */ = {
			isa = PBXGroup;
			children = (
				BD2C796125684EAE00D4C578 /* FoodTrackerApp.swift */,
				BD2C796F25684EB100D4C578 /* Info.plist */,
				BD1FE71225748DCD00AA7206 /* FoodTracker.entitlements */,
				BD2C796525684EB100D4C578 /* Assets.xcassets */,
				BD2C799F2568A9A200D4C578 /* Core Data */,
				BD5A44DF2575B607005BCA75 /* Extensions */,
				BD1FE70925748B7C00AA7206 /* HealthKit Store */,
				BDE007DD25833BAD00D94E90 /* Managers */,
				BD2C799C2568A98900D4C578 /* Model */,
				BD2C799D2568A98F00D4C578 /* View */,
				BD2C799E2568A99400D4C578 /* View Model */,
				BD2C796725684EB100D4C578 /* Preview Content */,
			);
			path = FoodTracker;
			sourceTree = "<group>";
		};
		BD2C796725684EB100D4C578 /* Preview Content */ = {
			isa = PBXGroup;
			children = (
				BD2C796825684EB100D4C578 /* Preview Assets.xcassets */,
			);
			path = "Preview Content";
			sourceTree = "<group>";
		};
		BD2C797725684EB100D4C578 /* FoodTrackerTests */ = {
			isa = PBXGroup;
			children = (
				BD2C797825684EB100D4C578 /* FoodTrackerTests.swift */,
				BD2C797A25684EB100D4C578 /* Info.plist */,
			);
			path = FoodTrackerTests;
			sourceTree = "<group>";
		};
		BD2C798225684EB100D4C578 /* FoodTrackerUITests */ = {
			isa = PBXGroup;
			children = (
				BD2C798325684EB100D4C578 /* FoodTrackerUITests.swift */,
				BD2C798525684EB100D4C578 /* Info.plist */,
			);
			path = FoodTrackerUITests;
			sourceTree = "<group>";
		};
		BD2C799C2568A98900D4C578 /* Model */ = {
			isa = PBXGroup;
			children = (
				BDCBC7F62569E40E00206122 /* MealModel.swift */,
				BDB257B625720C0800C9097D /* NutrientsModel.swift */,
				BD3B7E8E2582BB9500582D03 /* ActiveMainSheet.swift */,
				BDE007F225841F1500D94E90 /* DayModel.swift */,
			);
			path = Model;
			sourceTree = "<group>";
		};
		BD2C799D2568A98F00D4C578 /* View */ = {
			isa = PBXGroup;
			children = (
				BD4711472579F4DB005C1BBA /* ViewRepresentables */,
				BD3B7E962582E5B400582D03 /* Selected Date */,
				BD92155B257A03A90079672F /* Calendar */,
				BD8EDCC6256E19D1000A4E3D /* Add Meal */,
				BDCBC7FB2569F21300206122 /* Home */,
				BD8EDC8F256DBD5F000A4E3D /* Selected Meal */,
				BD6C3016256C698B00AE72E7 /* View Modifiers */,
			);
			path = View;
			sourceTree = "<group>";
		};
		BD2C799E2568A99400D4C578 /* View Model */ = {
			isa = PBXGroup;
			children = (
				BD921567257A058F0079672F /* Calendar */,
				BDB25780257035BB00C9097D /* Add Meal */,
				BDB257742570357D00C9097D /* Selected Food */,
				BDB2576E2570319B00C9097D /* Home */,
			);
			path = "View Model";
			sourceTree = "<group>";
		};
		BD2C799F2568A9A200D4C578 /* Core Data */ = {
			isa = PBXGroup;
			children = (
				BD7738DE2578A25700C69755 /* Entities */,
				BDE007D7258325FA00D94E90 /* Helper */,
				BD2C796C25684EB100D4C578 /* FoodTracker.xcdatamodeld */,
				BD2C79972568958B00D4C578 /* PersistentCloudKitContainer.swift */,
				BD73AC3225775E7B00D376B6 /* PersistenceController.swift */,
			);
			path = "Core Data";
			sourceTree = "<group>";
		};
		BD3B7E852581C12000582D03 /* TableViewSeparatorStyleModifier */ = {
			isa = PBXGroup;
			children = (
				BD3B7E862581C14700582D03 /* TableViewSeparatorStyleModifier.swift */,
			);
			path = TableViewSeparatorStyleModifier;
			sourceTree = "<group>";
		};
		BD3B7E962582E5B400582D03 /* Selected Date */ = {
			isa = PBXGroup;
			children = (
				BD3B7E972582E5C300582D03 /* SelectedDateView.swift */,
			);
			path = "Selected Date";
			sourceTree = "<group>";
		};
		BD4711472579F4DB005C1BBA /* ViewRepresentables */ = {
			isa = PBXGroup;
			children = (
				BD4711482579F563005C1BBA /* CameraController */,
			);
			path = ViewRepresentables;
			sourceTree = "<group>";
		};
		BD4711482579F563005C1BBA /* CameraController */ = {
			isa = PBXGroup;
			children = (
				BD4711542579F735005C1BBA /* Controller */,
			);
			path = CameraController;
			sourceTree = "<group>";
		};
		BD4711542579F735005C1BBA /* Controller */ = {
			isa = PBXGroup;
			children = (
				BD4711492579F573005C1BBA /* CameraController.swift */,
			);
			path = Controller;
			sourceTree = "<group>";
		};
		BD5A44DF2575B607005BCA75 /* Extensions */ = {
			isa = PBXGroup;
			children = (
				BD5A44E02575B618005BCA75 /* FoodTrackerExtensions.swift */,
			);
			path = Extensions;
			sourceTree = "<group>";
		};
		BD6C3016256C698B00AE72E7 /* View Modifiers */ = {
			isa = PBXGroup;
			children = (
				BD3B7E852581C12000582D03 /* TableViewSeparatorStyleModifier */,
				BD8EDCAD256E0D4E000A4E3D /* NavigationBarModifier */,
			);
			path = "View Modifiers";
			sourceTree = "<group>";
		};
		BD6C301F256CAC0100AE72E7 /* FoodCellView */ = {
			isa = PBXGroup;
			children = (
				BD6C3020256CAC0F00AE72E7 /* FoodCellView.swift */,
			);
			path = FoodCellView;
			sourceTree = "<group>";
		};
		BD7738DE2578A25700C69755 /* Entities */ = {
			isa = PBXGroup;
			children = (
				BD7738CF2578A24C00C69755 /* Day+CoreDataClass.swift */,
				BD7738D02578A24C00C69755 /* Day+CoreDataProperties.swift */,
				BD7738D12578A24C00C69755 /* Meal+CoreDataClass.swift */,
				BD7738D22578A24C00C69755 /* Meal+CoreDataProperties.swift */,
				BD7738D32578A24C00C69755 /* MealCell+CoreDataClass.swift */,
				BD7738D42578A24C00C69755 /* MealCell+CoreDataProperties.swift */,
			);
			path = Entities;
			sourceTree = "<group>";
		};
		BD8EDC8F256DBD5F000A4E3D /* Selected Meal */ = {
			isa = PBXGroup;
			children = (
				BD8EDC93256DBDDB000A4E3D /* SelectedMealView.swift */,
				BDC6BDEB257AE2E7002A5626 /* SelectedNutrientView */,
			);
			path = "Selected Meal";
			sourceTree = "<group>";
		};
		BD8EDCAD256E0D4E000A4E3D /* NavigationBarModifier */ = {
			isa = PBXGroup;
			children = (
				BD6C3017256C69A200AE72E7 /* NavigationBarModifier.swift */,
			);
			path = NavigationBarModifier;
			sourceTree = "<group>";
		};
		BD8EDCC6256E19D1000A4E3D /* Add Meal */ = {
			isa = PBXGroup;
			children = (
				BD8EDCC7256E19DD000A4E3D /* AddMealView.swift */,
				BD8EDCCF256E1D10000A4E3D /* AddNutritionTextField */,
			);
			path = "Add Meal";
			sourceTree = "<group>";
		};
		BD8EDCCF256E1D10000A4E3D /* AddNutritionTextField */ = {
			isa = PBXGroup;
			children = (
				BD8EDCD0256E1D19000A4E3D /* AddNutritionTextField.swift */,
			);
			path = AddNutritionTextField;
			sourceTree = "<group>";
		};
		BD92155B257A03A90079672F /* Calendar */ = {
			isa = PBXGroup;
			children = (
				BD921578257A173E0079672F /* Main */,
			);
			path = Calendar;
			sourceTree = "<group>";
		};
		BD921567257A058F0079672F /* Calendar */ = {
			isa = PBXGroup;
			children = (
				BD921568257A059D0079672F /* CalendarViewModel.swift */,
			);
			path = Calendar;
			sourceTree = "<group>";
		};
		BD921578257A173E0079672F /* Main */ = {
			isa = PBXGroup;
			children = (
				BD921570257A17210079672F /* CalendarViewHolder.swift */,
				BD921579257A174F0079672F /* CalendarView */,
			);
			path = Main;
			sourceTree = "<group>";
		};
		BD921579257A174F0079672F /* CalendarView */ = {
			isa = PBXGroup;
			children = (
				BD92155C257A03BD0079672F /* CalendarView.swift */,
			);
			path = CalendarView;
			sourceTree = "<group>";
		};
		BDB2576E2570319B00C9097D /* Home */ = {
			isa = PBXGroup;
			children = (
				BDB2576F2570357800C9097D /* MainViewViewModel.swift */,
			);
			path = Home;
			sourceTree = "<group>";
		};
		BDB257742570357D00C9097D /* Selected Food */ = {
			isa = PBXGroup;
			children = (
				BDB25778257035AA00C9097D /* SelectedFoodViewModel.swift */,
			);
			path = "Selected Food";
			sourceTree = "<group>";
		};
		BDB25780257035BB00C9097D /* Add Meal */ = {
			isa = PBXGroup;
			children = (
				BDB25781257035CE00C9097D /* AddMealViewModel.swift */,
			);
			path = "Add Meal";
			sourceTree = "<group>";
		};
		BDB257AD2572038A00C9097D /* Frameworks */ = {
			isa = PBXGroup;
			children = (
				BD1FE71625748DEF00AA7206 /* HealthKit.framework */,
			);
			name = Frameworks;
			sourceTree = "<group>";
		};
		BDC6BDEB257AE2E7002A5626 /* SelectedNutrientView */ = {
			isa = PBXGroup;
			children = (
				BDC6BDEC257AE30D002A5626 /* SelectedNutrientView.swift */,
			);
			path = SelectedNutrientView;
			sourceTree = "<group>";
		};
		BDCBC7FB2569F21300206122 /* Home */ = {
			isa = PBXGroup;
			children = (
				BD2C796325684EAE00D4C578 /* MainView.swift */,
				BD6C301F256CAC0100AE72E7 /* FoodCellView */,
			);
			path = Home;
			sourceTree = "<group>";
		};
		BDE007D7258325FA00D94E90 /* Helper */ = {
			isa = PBXGroup;
			children = (
				BDE007D82583260700D94E90 /* CoreDataHelper.swift */,
			);
			path = Helper;
			sourceTree = "<group>";
		};
		BDE007DD25833BAD00D94E90 /* Managers */ = {
			isa = PBXGroup;
			children = (
				BDE007DE25833BC800D94E90 /* DataManager.swift */,
			);
			path = Managers;
			sourceTree = "<group>";
		};
/* End PBXGroup section */

/* Begin PBXNativeTarget section */
		BD2C795D25684EAD00D4C578 /* FoodTracker */ = {
			isa = PBXNativeTarget;
			buildConfigurationList = BD2C798825684EB100D4C578 /* Build configuration list for PBXNativeTarget "FoodTracker" */;
			buildPhases = (
				BD2C795A25684EAD00D4C578 /* Sources */,
				BD2C795B25684EAD00D4C578 /* Frameworks */,
				BD2C795C25684EAD00D4C578 /* Resources */,
			);
			buildRules = (
			);
			dependencies = (
			);
			name = FoodTracker;
			productName = FoodTracker;
			productReference = BD2C795E25684EAE00D4C578 /* FoodTracker.app */;
			productType = "com.apple.product-type.application";
		};
		BD2C797325684EB100D4C578 /* FoodTrackerTests */ = {
			isa = PBXNativeTarget;
			buildConfigurationList = BD2C798B25684EB100D4C578 /* Build configuration list for PBXNativeTarget "FoodTrackerTests" */;
			buildPhases = (
				BD2C797025684EB100D4C578 /* Sources */,
				BD2C797125684EB100D4C578 /* Frameworks */,
				BD2C797225684EB100D4C578 /* Resources */,
			);
			buildRules = (
			);
			dependencies = (
				BD2C797625684EB100D4C578 /* PBXTargetDependency */,
			);
			name = FoodTrackerTests;
			productName = FoodTrackerTests;
			productReference = BD2C797425684EB100D4C578 /* FoodTrackerTests.xctest */;
			productType = "com.apple.product-type.bundle.unit-test";
		};
		BD2C797E25684EB100D4C578 /* FoodTrackerUITests */ = {
			isa = PBXNativeTarget;
			buildConfigurationList = BD2C798E25684EB100D4C578 /* Build configuration list for PBXNativeTarget "FoodTrackerUITests" */;
			buildPhases = (
				BD2C797B25684EB100D4C578 /* Sources */,
				BD2C797C25684EB100D4C578 /* Frameworks */,
				BD2C797D25684EB100D4C578 /* Resources */,
			);
			buildRules = (
			);
			dependencies = (
				BD2C798125684EB100D4C578 /* PBXTargetDependency */,
			);
			name = FoodTrackerUITests;
			productName = FoodTrackerUITests;
			productReference = BD2C797F25684EB100D4C578 /* FoodTrackerUITests.xctest */;
			productType = "com.apple.product-type.bundle.ui-testing";
		};
/* End PBXNativeTarget section */

/* Begin PBXProject section */
		BD2C795625684EAD00D4C578 /* Project object */ = {
			isa = PBXProject;
			attributes = {
				LastSwiftUpdateCheck = 1220;
				LastUpgradeCheck = 1220;
				TargetAttributes = {
					BD2C795D25684EAD00D4C578 = {
						CreatedOnToolsVersion = 12.2;
					};
					BD2C797325684EB100D4C578 = {
						CreatedOnToolsVersion = 12.2;
						TestTargetID = BD2C795D25684EAD00D4C578;
					};
					BD2C797E25684EB100D4C578 = {
						CreatedOnToolsVersion = 12.2;
						TestTargetID = BD2C795D25684EAD00D4C578;
					};
				};
			};
			buildConfigurationList = BD2C795925684EAD00D4C578 /* Build configuration list for PBXProject "FoodTracker" */;
			compatibilityVersion = "Xcode 9.3";
			developmentRegion = en;
			hasScannedForEncodings = 0;
			knownRegions = (
				en,
				Base,
			);
			mainGroup = BD2C795525684EAD00D4C578;
			productRefGroup = BD2C795F25684EAE00D4C578 /* Products */;
			projectDirPath = "";
			projectRoot = "";
			targets = (
				BD2C795D25684EAD00D4C578 /* FoodTracker */,
				BD2C797325684EB100D4C578 /* FoodTrackerTests */,
				BD2C797E25684EB100D4C578 /* FoodTrackerUITests */,
			);
		};
/* End PBXProject section */

/* Begin PBXResourcesBuildPhase section */
		BD2C795C25684EAD00D4C578 /* Resources */ = {
			isa = PBXResourcesBuildPhase;
			buildActionMask = 2147483647;
			files = (
				BD2C796925684EB100D4C578 /* Preview Assets.xcassets in Resources */,
				BD2C796625684EB100D4C578 /* Assets.xcassets in Resources */,
			);
			runOnlyForDeploymentPostprocessing = 0;
		};
		BD2C797225684EB100D4C578 /* Resources */ = {
			isa = PBXResourcesBuildPhase;
			buildActionMask = 2147483647;
			files = (
			);
			runOnlyForDeploymentPostprocessing = 0;
		};
		BD2C797D25684EB100D4C578 /* Resources */ = {
			isa = PBXResourcesBuildPhase;
			buildActionMask = 2147483647;
			files = (
			);
			runOnlyForDeploymentPostprocessing = 0;
		};
/* End PBXResourcesBuildPhase section */

/* Begin PBXSourcesBuildPhase section */
		BD2C795A25684EAD00D4C578 /* Sources */ = {
			isa = PBXSourcesBuildPhase;
			buildActionMask = 2147483647;
			files = (
				BD47114A2579F573005C1BBA /* CameraController.swift in Sources */,
				BD2C796E25684EB100D4C578 /* FoodTracker.xcdatamodeld in Sources */,
				BD8EDC94256DBDDB000A4E3D /* SelectedMealView.swift in Sources */,
				BD7738D62578A24C00C69755 /* Day+CoreDataProperties.swift in Sources */,
				BDE007F325841F1500D94E90 /* DayModel.swift in Sources */,
				BD7738DA2578A24C00C69755 /* MealCell+CoreDataProperties.swift in Sources */,
				BD73AC3325775E7B00D376B6 /* PersistenceController.swift in Sources */,
				BDC6BDED257AE30E002A5626 /* SelectedNutrientView.swift in Sources */,
				BD92155D257A03BD0079672F /* CalendarView.swift in Sources */,
				BD7738D92578A24C00C69755 /* MealCell+CoreDataClass.swift in Sources */,
				BD2C79982568958B00D4C578 /* PersistentCloudKitContainer.swift in Sources */,
				BD6C3018256C69A200AE72E7 /* NavigationBarModifier.swift in Sources */,
				BD921571257A17210079672F /* CalendarViewHolder.swift in Sources */,
				BD6C3021256CAC0F00AE72E7 /* FoodCellView.swift in Sources */,
				BD7738D52578A24C00C69755 /* Day+CoreDataClass.swift in Sources */,
				BD7738D82578A24C00C69755 /* Meal+CoreDataProperties.swift in Sources */,
				BDCBC7F72569E40E00206122 /* MealModel.swift in Sources */,
				BD2C796425684EAE00D4C578 /* MainView.swift in Sources */,
				BD8EDCD1256E1D19000A4E3D /* AddNutritionTextField.swift in Sources */,
				BDE007D92583260700D94E90 /* CoreDataHelper.swift in Sources */,
				BDE007DF25833BC800D94E90 /* DataManager.swift in Sources */,
				BD921569257A059D0079672F /* CalendarViewModel.swift in Sources */,
				BDB25779257035AA00C9097D /* SelectedFoodViewModel.swift in Sources */,
				BD3B7E982582E5C300582D03 /* SelectedDateView.swift in Sources */,
				BD1FE70B25748B8E00AA7206 /* HealthKitStore.swift in Sources */,
				BDB257702570357800C9097D /* MainViewViewModel.swift in Sources */,
				BD7738D72578A24C00C69755 /* Meal+CoreDataClass.swift in Sources */,
				BD3B7E872581C14700582D03 /* TableViewSeparatorStyleModifier.swift in Sources */,
				BD3B7E8F2582BB9500582D03 /* ActiveMainSheet.swift in Sources */,
				BDB257B725720C0800C9097D /* NutrientsModel.swift in Sources */,
				BD5A44E12575B618005BCA75 /* FoodTrackerExtensions.swift in Sources */,
				BD2C796225684EAE00D4C578 /* FoodTrackerApp.swift in Sources */,
				BDB25782257035CE00C9097D /* AddMealViewModel.swift in Sources */,
				BD8EDCC8256E19DD000A4E3D /* AddMealView.swift in Sources */,
			);
			runOnlyForDeploymentPostprocessing = 0;
		};
		BD2C797025684EB100D4C578 /* Sources */ = {
			isa = PBXSourcesBuildPhase;
			buildActionMask = 2147483647;
			files = (
				BD2C797925684EB100D4C578 /* FoodTrackerTests.swift in Sources */,
			);
			runOnlyForDeploymentPostprocessing = 0;
		};
		BD2C797B25684EB100D4C578 /* Sources */ = {
			isa = PBXSourcesBuildPhase;
			buildActionMask = 2147483647;
			files = (
				BD2C798425684EB100D4C578 /* FoodTrackerUITests.swift in Sources */,
			);
			runOnlyForDeploymentPostprocessing = 0;
		};
/* End PBXSourcesBuildPhase section */

/* Begin PBXTargetDependency section */
		BD2C797625684EB100D4C578 /* PBXTargetDependency */ = {
			isa = PBXTargetDependency;
			target = BD2C795D25684EAD00D4C578 /* FoodTracker */;
			targetProxy = BD2C797525684EB100D4C578 /* PBXContainerItemProxy */;
		};
		BD2C798125684EB100D4C578 /* PBXTargetDependency */ = {
			isa = PBXTargetDependency;
			target = BD2C795D25684EAD00D4C578 /* FoodTracker */;
			targetProxy = BD2C798025684EB100D4C578 /* PBXContainerItemProxy */;
		};
/* End PBXTargetDependency section */

/* Begin XCBuildConfiguration section */
		BD2C798625684EB100D4C578 /* Debug */ = {
			isa = XCBuildConfiguration;
			buildSettings = {
				ALWAYS_SEARCH_USER_PATHS = NO;
				CLANG_ANALYZER_NONNULL = YES;
				CLANG_ANALYZER_NUMBER_OBJECT_CONVERSION = YES_AGGRESSIVE;
				CLANG_CXX_LANGUAGE_STANDARD = "gnu++14";
				CLANG_CXX_LIBRARY = "libc++";
				CLANG_ENABLE_MODULES = YES;
				CLANG_ENABLE_OBJC_ARC = YES;
				CLANG_ENABLE_OBJC_WEAK = YES;
				CLANG_WARN_BLOCK_CAPTURE_AUTORELEASING = YES;
				CLANG_WARN_BOOL_CONVERSION = YES;
				CLANG_WARN_COMMA = YES;
				CLANG_WARN_CONSTANT_CONVERSION = YES;
				CLANG_WARN_DEPRECATED_OBJC_IMPLEMENTATIONS = YES;
				CLANG_WARN_DIRECT_OBJC_ISA_USAGE = YES_ERROR;
				CLANG_WARN_DOCUMENTATION_COMMENTS = YES;
				CLANG_WARN_EMPTY_BODY = YES;
				CLANG_WARN_ENUM_CONVERSION = YES;
				CLANG_WARN_INFINITE_RECURSION = YES;
				CLANG_WARN_INT_CONVERSION = YES;
				CLANG_WARN_NON_LITERAL_NULL_CONVERSION = YES;
				CLANG_WARN_OBJC_IMPLICIT_RETAIN_SELF = YES;
				CLANG_WARN_OBJC_LITERAL_CONVERSION = YES;
				CLANG_WARN_OBJC_ROOT_CLASS = YES_ERROR;
				CLANG_WARN_QUOTED_INCLUDE_IN_FRAMEWORK_HEADER = YES;
				CLANG_WARN_RANGE_LOOP_ANALYSIS = YES;
				CLANG_WARN_STRICT_PROTOTYPES = YES;
				CLANG_WARN_SUSPICIOUS_MOVE = YES;
				CLANG_WARN_UNGUARDED_AVAILABILITY = YES_AGGRESSIVE;
				CLANG_WARN_UNREACHABLE_CODE = YES;
				CLANG_WARN__DUPLICATE_METHOD_MATCH = YES;
				COPY_PHASE_STRIP = NO;
				DEBUG_INFORMATION_FORMAT = dwarf;
				DEVELOPMENT_TEAM = 55T4UN5QF4;
				ENABLE_STRICT_OBJC_MSGSEND = YES;
				ENABLE_TESTABILITY = YES;
				GCC_C_LANGUAGE_STANDARD = gnu11;
				GCC_DYNAMIC_NO_PIC = NO;
				GCC_NO_COMMON_BLOCKS = YES;
				GCC_OPTIMIZATION_LEVEL = 0;
				GCC_PREPROCESSOR_DEFINITIONS = (
					"DEBUG=1",
					"$(inherited)",
				);
				GCC_WARN_64_TO_32_BIT_CONVERSION = YES;
				GCC_WARN_ABOUT_RETURN_TYPE = YES_ERROR;
				GCC_WARN_UNDECLARED_SELECTOR = YES;
				GCC_WARN_UNINITIALIZED_AUTOS = YES_AGGRESSIVE;
				GCC_WARN_UNUSED_FUNCTION = YES;
				GCC_WARN_UNUSED_VARIABLE = YES;
				IPHONEOS_DEPLOYMENT_TARGET = 14.2;
				MTL_ENABLE_DEBUG_INFO = INCLUDE_SOURCE;
				MTL_FAST_MATH = YES;
				ONLY_ACTIVE_ARCH = YES;
				SDKROOT = iphoneos;
				SWIFT_ACTIVE_COMPILATION_CONDITIONS = DEBUG;
				SWIFT_OPTIMIZATION_LEVEL = "-Onone";
			};
			name = Debug;
		};
		BD2C798725684EB100D4C578 /* Release */ = {
			isa = XCBuildConfiguration;
			buildSettings = {
				ALWAYS_SEARCH_USER_PATHS = NO;
				CLANG_ANALYZER_NONNULL = YES;
				CLANG_ANALYZER_NUMBER_OBJECT_CONVERSION = YES_AGGRESSIVE;
				CLANG_CXX_LANGUAGE_STANDARD = "gnu++14";
				CLANG_CXX_LIBRARY = "libc++";
				CLANG_ENABLE_MODULES = YES;
				CLANG_ENABLE_OBJC_ARC = YES;
				CLANG_ENABLE_OBJC_WEAK = YES;
				CLANG_WARN_BLOCK_CAPTURE_AUTORELEASING = YES;
				CLANG_WARN_BOOL_CONVERSION = YES;
				CLANG_WARN_COMMA = YES;
				CLANG_WARN_CONSTANT_CONVERSION = YES;
				CLANG_WARN_DEPRECATED_OBJC_IMPLEMENTATIONS = YES;
				CLANG_WARN_DIRECT_OBJC_ISA_USAGE = YES_ERROR;
				CLANG_WARN_DOCUMENTATION_COMMENTS = YES;
				CLANG_WARN_EMPTY_BODY = YES;
				CLANG_WARN_ENUM_CONVERSION = YES;
				CLANG_WARN_INFINITE_RECURSION = YES;
				CLANG_WARN_INT_CONVERSION = YES;
				CLANG_WARN_NON_LITERAL_NULL_CONVERSION = YES;
				CLANG_WARN_OBJC_IMPLICIT_RETAIN_SELF = YES;
				CLANG_WARN_OBJC_LITERAL_CONVERSION = YES;
				CLANG_WARN_OBJC_ROOT_CLASS = YES_ERROR;
				CLANG_WARN_QUOTED_INCLUDE_IN_FRAMEWORK_HEADER = YES;
				CLANG_WARN_RANGE_LOOP_ANALYSIS = YES;
				CLANG_WARN_STRICT_PROTOTYPES = YES;
				CLANG_WARN_SUSPICIOUS_MOVE = YES;
				CLANG_WARN_UNGUARDED_AVAILABILITY = YES_AGGRESSIVE;
				CLANG_WARN_UNREACHABLE_CODE = YES;
				CLANG_WARN__DUPLICATE_METHOD_MATCH = YES;
				COPY_PHASE_STRIP = NO;
				DEBUG_INFORMATION_FORMAT = "dwarf-with-dsym";
				DEVELOPMENT_TEAM = 55T4UN5QF4;
				ENABLE_NS_ASSERTIONS = NO;
				ENABLE_STRICT_OBJC_MSGSEND = YES;
				GCC_C_LANGUAGE_STANDARD = gnu11;
				GCC_NO_COMMON_BLOCKS = YES;
				GCC_WARN_64_TO_32_BIT_CONVERSION = YES;
				GCC_WARN_ABOUT_RETURN_TYPE = YES_ERROR;
				GCC_WARN_UNDECLARED_SELECTOR = YES;
				GCC_WARN_UNINITIALIZED_AUTOS = YES_AGGRESSIVE;
				GCC_WARN_UNUSED_FUNCTION = YES;
				GCC_WARN_UNUSED_VARIABLE = YES;
				IPHONEOS_DEPLOYMENT_TARGET = 14.2;
				MTL_ENABLE_DEBUG_INFO = NO;
				MTL_FAST_MATH = YES;
				SDKROOT = iphoneos;
				SWIFT_COMPILATION_MODE = wholemodule;
				SWIFT_OPTIMIZATION_LEVEL = "-O";
				VALIDATE_PRODUCT = YES;
			};
			name = Release;
		};
		BD2C798925684EB100D4C578 /* Debug */ = {
			isa = XCBuildConfiguration;
			buildSettings = {
				ASSETCATALOG_COMPILER_APPICON_NAME = AppIcon;
				ASSETCATALOG_COMPILER_GLOBAL_ACCENT_COLOR_NAME = AccentColor;
				CODE_SIGN_ENTITLEMENTS = FoodTracker/FoodTracker.entitlements;
				CODE_SIGN_STYLE = Automatic;
				DEVELOPMENT_ASSET_PATHS = "\"FoodTracker/Preview Content\"";
				DEVELOPMENT_TEAM = 55T4UN5QF4;
				ENABLE_PREVIEWS = YES;
				INFOPLIST_FILE = FoodTracker/Info.plist;
				IPHONEOS_DEPLOYMENT_TARGET = 14.0;
				LD_RUNPATH_SEARCH_PATHS = (
					"$(inherited)",
					"@executable_path/Frameworks",
				);
				PRODUCT_BUNDLE_IDENTIFIER = "com.Josiah-Agosto.FoodTracker";
				PRODUCT_NAME = "$(TARGET_NAME)";
				SWIFT_VERSION = 5.0;
				TARGETED_DEVICE_FAMILY = 1;
			};
			name = Debug;
		};
		BD2C798A25684EB100D4C578 /* Release */ = {
			isa = XCBuildConfiguration;
			buildSettings = {
				ASSETCATALOG_COMPILER_APPICON_NAME = AppIcon;
				ASSETCATALOG_COMPILER_GLOBAL_ACCENT_COLOR_NAME = AccentColor;
				CODE_SIGN_ENTITLEMENTS = FoodTracker/FoodTracker.entitlements;
				CODE_SIGN_STYLE = Automatic;
				DEVELOPMENT_ASSET_PATHS = "\"FoodTracker/Preview Content\"";
				DEVELOPMENT_TEAM = 55T4UN5QF4;
				ENABLE_PREVIEWS = YES;
				INFOPLIST_FILE = FoodTracker/Info.plist;
				IPHONEOS_DEPLOYMENT_TARGET = 14.0;
				LD_RUNPATH_SEARCH_PATHS = (
					"$(inherited)",
					"@executable_path/Frameworks",
				);
				PRODUCT_BUNDLE_IDENTIFIER = "com.Josiah-Agosto.FoodTracker";
				PRODUCT_NAME = "$(TARGET_NAME)";
				SWIFT_VERSION = 5.0;
				TARGETED_DEVICE_FAMILY = 1;
			};
			name = Release;
		};
		BD2C798C25684EB100D4C578 /* Debug */ = {
			isa = XCBuildConfiguration;
			buildSettings = {
				ALWAYS_EMBED_SWIFT_STANDARD_LIBRARIES = YES;
				BUNDLE_LOADER = "$(TEST_HOST)";
				CODE_SIGN_STYLE = Automatic;
				DEVELOPMENT_TEAM = 55T4UN5QF4;
				INFOPLIST_FILE = FoodTrackerTests/Info.plist;
				IPHONEOS_DEPLOYMENT_TARGET = 14.0;
				LD_RUNPATH_SEARCH_PATHS = (
					"$(inherited)",
					"@executable_path/Frameworks",
					"@loader_path/Frameworks",
				);
				PRODUCT_BUNDLE_IDENTIFIER = "com.Josiah-Agosto.FoodTrackerTests";
				PRODUCT_NAME = "$(TARGET_NAME)";
				SWIFT_VERSION = 5.0;
				TARGETED_DEVICE_FAMILY = "1,2";
				TEST_HOST = "$(BUILT_PRODUCTS_DIR)/FoodTracker.app/FoodTracker";
			};
			name = Debug;
		};
		BD2C798D25684EB100D4C578 /* Release */ = {
			isa = XCBuildConfiguration;
			buildSettings = {
				ALWAYS_EMBED_SWIFT_STANDARD_LIBRARIES = YES;
				BUNDLE_LOADER = "$(TEST_HOST)";
				CODE_SIGN_STYLE = Automatic;
				DEVELOPMENT_TEAM = 55T4UN5QF4;
				INFOPLIST_FILE = FoodTrackerTests/Info.plist;
				IPHONEOS_DEPLOYMENT_TARGET = 14.0;
				LD_RUNPATH_SEARCH_PATHS = (
					"$(inherited)",
					"@executable_path/Frameworks",
					"@loader_path/Frameworks",
				);
				PRODUCT_BUNDLE_IDENTIFIER = "com.Josiah-Agosto.FoodTrackerTests";
				PRODUCT_NAME = "$(TARGET_NAME)";
				SWIFT_VERSION = 5.0;
				TARGETED_DEVICE_FAMILY = "1,2";
				TEST_HOST = "$(BUILT_PRODUCTS_DIR)/FoodTracker.app/FoodTracker";
			};
			name = Release;
		};
		BD2C798F25684EB100D4C578 /* Debug */ = {
			isa = XCBuildConfiguration;
			buildSettings = {
				ALWAYS_EMBED_SWIFT_STANDARD_LIBRARIES = YES;
				CODE_SIGN_STYLE = Automatic;
				DEVELOPMENT_TEAM = 55T4UN5QF4;
				INFOPLIST_FILE = FoodTrackerUITests/Info.plist;
				LD_RUNPATH_SEARCH_PATHS = (
					"$(inherited)",
					"@executable_path/Frameworks",
					"@loader_path/Frameworks",
				);
				PRODUCT_BUNDLE_IDENTIFIER = "com.Josiah-Agosto.FoodTrackerUITests";
				PRODUCT_NAME = "$(TARGET_NAME)";
				SWIFT_VERSION = 5.0;
				TARGETED_DEVICE_FAMILY = "1,2";
				TEST_TARGET_NAME = FoodTracker;
			};
			name = Debug;
		};
		BD2C799025684EB100D4C578 /* Release */ = {
			isa = XCBuildConfiguration;
			buildSettings = {
				ALWAYS_EMBED_SWIFT_STANDARD_LIBRARIES = YES;
				CODE_SIGN_STYLE = Automatic;
				DEVELOPMENT_TEAM = 55T4UN5QF4;
				INFOPLIST_FILE = FoodTrackerUITests/Info.plist;
				LD_RUNPATH_SEARCH_PATHS = (
					"$(inherited)",
					"@executable_path/Frameworks",
					"@loader_path/Frameworks",
				);
				PRODUCT_BUNDLE_IDENTIFIER = "com.Josiah-Agosto.FoodTrackerUITests";
				PRODUCT_NAME = "$(TARGET_NAME)";
				SWIFT_VERSION = 5.0;
				TARGETED_DEVICE_FAMILY = "1,2";
				TEST_TARGET_NAME = FoodTracker;
			};
			name = Release;
		};
/* End XCBuildConfiguration section */

/* Begin XCConfigurationList section */
		BD2C795925684EAD00D4C578 /* Build configuration list for PBXProject "FoodTracker" */ = {
			isa = XCConfigurationList;
			buildConfigurations = (
				BD2C798625684EB100D4C578 /* Debug */,
				BD2C798725684EB100D4C578 /* Release */,
			);
			defaultConfigurationIsVisible = 0;
			defaultConfigurationName = Release;
		};
		BD2C798825684EB100D4C578 /* Build configuration list for PBXNativeTarget "FoodTracker" */ = {
			isa = XCConfigurationList;
			buildConfigurations = (
				BD2C798925684EB100D4C578 /* Debug */,
				BD2C798A25684EB100D4C578 /* Release */,
			);
			defaultConfigurationIsVisible = 0;
			defaultConfigurationName = Release;
		};
		BD2C798B25684EB100D4C578 /* Build configuration list for PBXNativeTarget "FoodTrackerTests" */ = {
			isa = XCConfigurationList;
			buildConfigurations = (
				BD2C798C25684EB100D4C578 /* Debug */,
				BD2C798D25684EB100D4C578 /* Release */,
			);
			defaultConfigurationIsVisible = 0;
			defaultConfigurationName = Release;
		};
		BD2C798E25684EB100D4C578 /* Build configuration list for PBXNativeTarget "FoodTrackerUITests" */ = {
			isa = XCConfigurationList;
			buildConfigurations = (
				BD2C798F25684EB100D4C578 /* Debug */,
				BD2C799025684EB100D4C578 /* Release */,
			);
			defaultConfigurationIsVisible = 0;
			defaultConfigurationName = Release;
		};
/* End XCConfigurationList section */

/* Begin XCVersionGroup section */
		BD2C796C25684EB100D4C578 /* FoodTracker.xcdatamodeld */ = {
			isa = XCVersionGroup;
			children = (
				BD2C796D25684EB100D4C578 /* FoodTracker.xcdatamodel */,
			);
			currentVersion = BD2C796D25684EB100D4C578 /* FoodTracker.xcdatamodel */;
			path = FoodTracker.xcdatamodeld;
			sourceTree = "<group>";
			versionGroupType = wrapper.xcdatamodel;
		};
/* End XCVersionGroup section */
	};
	rootObject = BD2C795625684EAD00D4C578 /* Project object */;
}
